// !$*UTF8*$!
{
	archiveVersion = 1;
	classes = {
	};
	objectVersion = 55;
	objects = {

/* Begin PBXBuildFile section */
		43C712C029BDD4DE0052083F /* Alamofire in Frameworks */ = {isa = PBXBuildFile; productRef = 43C712BF29BDD4DE0052083F /* Alamofire */; };
		43C712C229BDDB4C0052083F /* SuperHero.swift in Sources */ = {isa = PBXBuildFile; fileRef = 43C712C129BDDB4C0052083F /* SuperHero.swift */; };
		43C9534C29BBC2BC00F0EEEB /* AppDelegate.swift in Sources */ = {isa = PBXBuildFile; fileRef = 43C9534B29BBC2BC00F0EEEB /* AppDelegate.swift */; };
		43C9535029BBC2BC00F0EEEB /* PokemomListViewController.swift in Sources */ = {isa = PBXBuildFile; fileRef = 43C9534F29BBC2BC00F0EEEB /* PokemomListViewController.swift */; };
		43C9535529BBC2BE00F0EEEB /* Assets.xcassets in Resources */ = {isa = PBXBuildFile; fileRef = 43C9535429BBC2BE00F0EEEB /* Assets.xcassets */; };
		43C9535829BBC2BE00F0EEEB /* LaunchScreen.storyboard in Resources */ = {isa = PBXBuildFile; fileRef = 43C9535629BBC2BE00F0EEEB /* LaunchScreen.storyboard */; };
		43C9536329BBCC5800F0EEEB /* UIView+Extension.swift in Sources */ = {isa = PBXBuildFile; fileRef = 43C9536229BBCC5800F0EEEB /* UIView+Extension.swift */; };
		43C9536629BBCEE900F0EEEB /* PokemonTableViewCell.swift in Sources */ = {isa = PBXBuildFile; fileRef = 43C9536529BBCEE900F0EEEB /* PokemonTableViewCell.swift */; };
		43F9F45629BD1EB7004A8010 /* Pokemon.swift in Sources */ = {isa = PBXBuildFile; fileRef = 43F9F45529BD1EB7004A8010 /* Pokemon.swift */; };
		43F9F45929BD1F4C004A8010 /* NetworkManager.swift in Sources */ = {isa = PBXBuildFile; fileRef = 43F9F45829BD1F4C004A8010 /* NetworkManager.swift */; };
/* End PBXBuildFile section */

/* Begin PBXFileReference section */
		43C712C129BDDB4C0052083F /* SuperHero.swift */ = {isa = PBXFileReference; lastKnownFileType = sourcecode.swift; path = SuperHero.swift; sourceTree = "<group>"; };
		43C9534829BBC2BC00F0EEEB /* Pokemon.app */ = {isa = PBXFileReference; explicitFileType = wrapper.application; includeInIndex = 0; path = Pokemon.app; sourceTree = BUILT_PRODUCTS_DIR; };
		43C9534B29BBC2BC00F0EEEB /* AppDelegate.swift */ = {isa = PBXFileReference; lastKnownFileType = sourcecode.swift; path = AppDelegate.swift; sourceTree = "<group>"; };
		43C9534F29BBC2BC00F0EEEB /* PokemomListViewController.swift */ = {isa = PBXFileReference; lastKnownFileType = sourcecode.swift; path = PokemomListViewController.swift; sourceTree = "<group>"; };
		43C9535429BBC2BE00F0EEEB /* Assets.xcassets */ = {isa = PBXFileReference; lastKnownFileType = folder.assetcatalog; path = Assets.xcassets; sourceTree = "<group>"; };
		43C9535729BBC2BE00F0EEEB /* Base */ = {isa = PBXFileReference; lastKnownFileType = file.storyboard; name = Base; path = Base.lproj/LaunchScreen.storyboard; sourceTree = "<group>"; };
		43C9535929BBC2BE00F0EEEB /* Info.plist */ = {isa = PBXFileReference; lastKnownFileType = text.plist.xml; path = Info.plist; sourceTree = "<group>"; };
		43C9536229BBCC5800F0EEEB /* UIView+Extension.swift */ = {isa = PBXFileReference; lastKnownFileType = sourcecode.swift; path = "UIView+Extension.swift"; sourceTree = "<group>"; };
		43C9536529BBCEE900F0EEEB /* PokemonTableViewCell.swift */ = {isa = PBXFileReference; lastKnownFileType = sourcecode.swift; path = PokemonTableViewCell.swift; sourceTree = "<group>"; };
		43F9F45529BD1EB7004A8010 /* Pokemon.swift */ = {isa = PBXFileReference; lastKnownFileType = sourcecode.swift; path = Pokemon.swift; sourceTree = "<group>"; };
		43F9F45829BD1F4C004A8010 /* NetworkManager.swift */ = {isa = PBXFileReference; lastKnownFileType = sourcecode.swift; path = NetworkManager.swift; sourceTree = "<group>"; };
/* End PBXFileReference section */

/* Begin PBXFrameworksBuildPhase section */
		43C9534529BBC2BC00F0EEEB /* Frameworks */ = {
			isa = PBXFrameworksBuildPhase;
			buildActionMask = 2147483647;
			files = (
				43C712C029BDD4DE0052083F /* Alamofire in Frameworks */,
			);
			runOnlyForDeploymentPostprocessing = 0;
		};
/* End PBXFrameworksBuildPhase section */

/* Begin PBXGroup section */
		43C9533F29BBC2BC00F0EEEB = {
			isa = PBXGroup;
			children = (
				43C9534A29BBC2BC00F0EEEB /* Pokemon */,
				43C9534929BBC2BC00F0EEEB /* Products */,
			);
			sourceTree = "<group>";
		};
		43C9534929BBC2BC00F0EEEB /* Products */ = {
			isa = PBXGroup;
			children = (
				43C9534829BBC2BC00F0EEEB /* Pokemon.app */,
			);
			name = Products;
			sourceTree = "<group>";
		};
		43C9534A29BBC2BC00F0EEEB /* Pokemon */ = {
			isa = PBXGroup;
			children = (
				43F9F45729BD1F31004A8010 /* Services */,
				43F9F45429BD1E9F004A8010 /* Models */,
				43C9536429BBCE7F00F0EEEB /* View */,
				43C9536129BBCC2300F0EEEB /* Extensions */,
				43C9535F29BBC2F200F0EEEB /* App */,
				43C9536029BBC5C100F0EEEB /* ViewController */,
				43C9535429BBC2BE00F0EEEB /* Assets.xcassets */,
				43C9535629BBC2BE00F0EEEB /* LaunchScreen.storyboard */,
			);
			path = Pokemon;
			sourceTree = "<group>";
		};
		43C9535F29BBC2F200F0EEEB /* App */ = {
			isa = PBXGroup;
			children = (
				43C9534B29BBC2BC00F0EEEB /* AppDelegate.swift */,
				43C9535929BBC2BE00F0EEEB /* Info.plist */,
			);
			path = App;
			sourceTree = "<group>";
		};
		43C9536029BBC5C100F0EEEB /* ViewController */ = {
			isa = PBXGroup;
			children = (
				43C9534F29BBC2BC00F0EEEB /* PokemomListViewController.swift */,
			);
			path = ViewController;
			sourceTree = "<group>";
		};
		43C9536129BBCC2300F0EEEB /* Extensions */ = {
			isa = PBXGroup;
			children = (
				43C9536229BBCC5800F0EEEB /* UIView+Extension.swift */,
			);
			path = Extensions;
			sourceTree = "<group>";
		};
		43C9536429BBCE7F00F0EEEB /* View */ = {
			isa = PBXGroup;
			children = (
				43C9536529BBCEE900F0EEEB /* PokemonTableViewCell.swift */,
			);
			path = View;
			sourceTree = "<group>";
		};
		43F9F45429BD1E9F004A8010 /* Models */ = {
			isa = PBXGroup;
			children = (
				43F9F45529BD1EB7004A8010 /* Pokemon.swift */,
				43C712C129BDDB4C0052083F /* SuperHero.swift */,
			);
			path = Models;
			sourceTree = "<group>";
		};
		43F9F45729BD1F31004A8010 /* Services */ = {
			isa = PBXGroup;
			children = (
				43F9F45829BD1F4C004A8010 /* NetworkManager.swift */,
			);
			path = Services;
			sourceTree = "<group>";
		};
/* End PBXGroup section */

/* Begin PBXNativeTarget section */
		43C9534729BBC2BC00F0EEEB /* Pokemon */ = {
			isa = PBXNativeTarget;
			buildConfigurationList = 43C9535C29BBC2BE00F0EEEB /* Build configuration list for PBXNativeTarget "Pokemon" */;
			buildPhases = (
				43C9534429BBC2BC00F0EEEB /* Sources */,
				43C9534529BBC2BC00F0EEEB /* Frameworks */,
				43C9534629BBC2BC00F0EEEB /* Resources */,
			);
			buildRules = (
			);
			dependencies = (
			);
			name = Pokemon;
			packageProductDependencies = (
				43C712BF29BDD4DE0052083F /* Alamofire */,
			);
			productName = Pokemon;
			productReference = 43C9534829BBC2BC00F0EEEB /* Pokemon.app */;
			productType = "com.apple.product-type.application";
		};
/* End PBXNativeTarget section */

/* Begin PBXProject section */
		43C9534029BBC2BC00F0EEEB /* Project object */ = {
			isa = PBXProject;
			attributes = {
				BuildIndependentTargetsInParallel = 1;
				LastSwiftUpdateCheck = 1340;
				LastUpgradeCheck = 1340;
				TargetAttributes = {
					43C9534729BBC2BC00F0EEEB = {
						CreatedOnToolsVersion = 13.4.1;
					};
				};
			};
			buildConfigurationList = 43C9534329BBC2BC00F0EEEB /* Build configuration list for PBXProject "Pokemon" */;
			compatibilityVersion = "Xcode 13.0";
			developmentRegion = en;
			hasScannedForEncodings = 0;
			knownRegions = (
				en,
				Base,
			);
			mainGroup = 43C9533F29BBC2BC00F0EEEB;
			packageReferences = (
				43C712BE29BDD4DE0052083F /* XCRemoteSwiftPackageReference "Alamofire" */,
			);
			productRefGroup = 43C9534929BBC2BC00F0EEEB /* Products */;
			projectDirPath = "";
			projectRoot = "";
			targets = (
				43C9534729BBC2BC00F0EEEB /* Pokemon */,
			);
		};
/* End PBXProject section */

/* Begin PBXResourcesBuildPhase section */
		43C9534629BBC2BC00F0EEEB /* Resources */ = {
			isa = PBXResourcesBuildPhase;
			buildActionMask = 2147483647;
			files = (
				43C9535829BBC2BE00F0EEEB /* LaunchScreen.storyboard in Resources */,
				43C9535529BBC2BE00F0EEEB /* Assets.xcassets in Resources */,
			);
			runOnlyForDeploymentPostprocessing = 0;
		};
/* End PBXResourcesBuildPhase section */

/* Begin PBXSourcesBuildPhase section */
		43C9534429BBC2BC00F0EEEB /* Sources */ = {
			isa = PBXSourcesBuildPhase;
			buildActionMask = 2147483647;
			files = (
				43C712C229BDDB4C0052083F /* SuperHero.swift in Sources */,
				43F9F45929BD1F4C004A8010 /* NetworkManager.swift in Sources */,
				43F9F45629BD1EB7004A8010 /* Pokemon.swift in Sources */,
				43C9536329BBCC5800F0EEEB /* UIView+Extension.swift in Sources */,
				43C9536629BBCEE900F0EEEB /* PokemonTableViewCell.swift in Sources */,
				43C9535029BBC2BC00F0EEEB /* PokemomListViewController.swift in Sources */,
				43C9534C29BBC2BC00F0EEEB /* AppDelegate.swift in Sources */,
			);
			runOnlyForDeploymentPostprocessing = 0;
		};
/* End PBXSourcesBuildPhase section */

/* Begin PBXVariantGroup section */
		43C9535629BBC2BE00F0EEEB /* LaunchScreen.storyboard */ = {
			isa = PBXVariantGroup;
			children = (
				43C9535729BBC2BE00F0EEEB /* Base */,
			);
			name = LaunchScreen.storyboard;
			sourceTree = "<group>";
		};
/* End PBXVariantGroup section */

/* Begin XCBuildConfiguration section */
		43C9535A29BBC2BE00F0EEEB /* Debug */ = {
			isa = XCBuildConfiguration;
			buildSettings = {
				ALWAYS_SEARCH_USER_PATHS = NO;
				CLANG_ANALYZER_NONNULL = YES;
				CLANG_ANALYZER_NUMBER_OBJECT_CONVERSION = YES_AGGRESSIVE;
				CLANG_CXX_LANGUAGE_STANDARD = "gnu++17";
				CLANG_ENABLE_MODULES = YES;
				CLANG_ENABLE_OBJC_ARC = YES;
				CLANG_ENABLE_OBJC_WEAK = YES;
				CLANG_WARN_BLOCK_CAPTURE_AUTORELEASING = YES;
				CLANG_WARN_BOOL_CONVERSION = YES;
				CLANG_WARN_COMMA = YES;
				CLANG_WARN_CONSTANT_CONVERSION = YES;
				CLANG_WARN_DEPRECATED_OBJC_IMPLEMENTATIONS = YES;
				CLANG_WARN_DIRECT_OBJC_ISA_USAGE = YES_ERROR;
				CLANG_WARN_DOCUMENTATION_COMMENTS = YES;
				CLANG_WARN_EMPTY_BODY = YES;
				CLANG_WARN_ENUM_CONVERSION = YES;
				CLANG_WARN_INFINITE_RECURSION = YES;
				CLANG_WARN_INT_CONVERSION = YES;
				CLANG_WARN_NON_LITERAL_NULL_CONVERSION = YES;
				CLANG_WARN_OBJC_IMPLICIT_RETAIN_SELF = YES;
				CLANG_WARN_OBJC_LITERAL_CONVERSION = YES;
				CLANG_WARN_OBJC_ROOT_CLASS = YES_ERROR;
				CLANG_WARN_QUOTED_INCLUDE_IN_FRAMEWORK_HEADER = YES;
				CLANG_WARN_RANGE_LOOP_ANALYSIS = YES;
				CLANG_WARN_STRICT_PROTOTYPES = YES;
				CLANG_WARN_SUSPICIOUS_MOVE = YES;
				CLANG_WARN_UNGUARDED_AVAILABILITY = YES_AGGRESSIVE;
				CLANG_WARN_UNREACHABLE_CODE = YES;
				CLANG_WARN__DUPLICATE_METHOD_MATCH = YES;
				COPY_PHASE_STRIP = NO;
				DEBUG_INFORMATION_FORMAT = dwarf;
				ENABLE_STRICT_OBJC_MSGSEND = YES;
				ENABLE_TESTABILITY = YES;
				GCC_C_LANGUAGE_STANDARD = gnu11;
				GCC_DYNAMIC_NO_PIC = NO;
				GCC_NO_COMMON_BLOCKS = YES;
				GCC_OPTIMIZATION_LEVEL = 0;
				GCC_PREPROCESSOR_DEFINITIONS = (
					"DEBUG=1",
					"$(inherited)",
				);
				GCC_WARN_64_TO_32_BIT_CONVERSION = YES;
				GCC_WARN_ABOUT_RETURN_TYPE = YES_ERROR;
				GCC_WARN_UNDECLARED_SELECTOR = YES;
				GCC_WARN_UNINITIALIZED_AUTOS = YES_AGGRESSIVE;
				GCC_WARN_UNUSED_FUNCTION = YES;
				GCC_WARN_UNUSED_VARIABLE = YES;
				IPHONEOS_DEPLOYMENT_TARGET = 15.5;
				MTL_ENABLE_DEBUG_INFO = INCLUDE_SOURCE;
				MTL_FAST_MATH = YES;
				ONLY_ACTIVE_ARCH = YES;
				SDKROOT = iphoneos;
				SWIFT_ACTIVE_COMPILATION_CONDITIONS = DEBUG;
				SWIFT_OPTIMIZATION_LEVEL = "-Onone";
			};
			name = Debug;
		};
		43C9535B29BBC2BE00F0EEEB /* Release */ = {
			isa = XCBuildConfiguration;
			buildSettings = {
				ALWAYS_SEARCH_USER_PATHS = NO;
				CLANG_ANALYZER_NONNULL = YES;
				CLANG_ANALYZER_NUMBER_OBJECT_CONVERSION = YES_AGGRESSIVE;
				CLANG_CXX_LANGUAGE_STANDARD = "gnu++17";
				CLANG_ENABLE_MODULES = YES;
				CLANG_ENABLE_OBJC_ARC = YES;
				CLANG_ENABLE_OBJC_WEAK = YES;
				CLANG_WARN_BLOCK_CAPTURE_AUTORELEASING = YES;
				CLANG_WARN_BOOL_CONVERSION = YES;
				CLANG_WARN_COMMA = YES;
				CLANG_WARN_CONSTANT_CONVERSION = YES;
				CLANG_WARN_DEPRECATED_OBJC_IMPLEMENTATIONS = YES;
				CLANG_WARN_DIRECT_OBJC_ISA_USAGE = YES_ERROR;
				CLANG_WARN_DOCUMENTATION_COMMENTS = YES;
				CLANG_WARN_EMPTY_BODY = YES;
				CLANG_WARN_ENUM_CONVERSION = YES;
				CLANG_WARN_INFINITE_RECURSION = YES;
				CLANG_WARN_INT_CONVERSION = YES;
				CLANG_WARN_NON_LITERAL_NULL_CONVERSION = YES;
				CLANG_WARN_OBJC_IMPLICIT_RETAIN_SELF = YES;
				CLANG_WARN_OBJC_LITERAL_CONVERSION = YES;
				CLANG_WARN_OBJC_ROOT_CLASS = YES_ERROR;
				CLANG_WARN_QUOTED_INCLUDE_IN_FRAMEWORK_HEADER = YES;
				CLANG_WARN_RANGE_LOOP_ANALYSIS = YES;
				CLANG_WARN_STRICT_PROTOTYPES = YES;
				CLANG_WARN_SUSPICIOUS_MOVE = YES;
				CLANG_WARN_UNGUARDED_AVAILABILITY = YES_AGGRESSIVE;
				CLANG_WARN_UNREACHABLE_CODE = YES;
				CLANG_WARN__DUPLICATE_METHOD_MATCH = YES;
				COPY_PHASE_STRIP = NO;
				DEBUG_INFORMATION_FORMAT = "dwarf-with-dsym";
				ENABLE_NS_ASSERTIONS = NO;
				ENABLE_STRICT_OBJC_MSGSEND = YES;
				GCC_C_LANGUAGE_STANDARD = gnu11;
				GCC_NO_COMMON_BLOCKS = YES;
				GCC_WARN_64_TO_32_BIT_CONVERSION = YES;
				GCC_WARN_ABOUT_RETURN_TYPE = YES_ERROR;
				GCC_WARN_UNDECLARED_SELECTOR = YES;
				GCC_WARN_UNINITIALIZED_AUTOS = YES_AGGRESSIVE;
				GCC_WARN_UNUSED_FUNCTION = YES;
				GCC_WARN_UNUSED_VARIABLE = YES;
				IPHONEOS_DEPLOYMENT_TARGET = 15.5;
				MTL_ENABLE_DEBUG_INFO = NO;
				MTL_FAST_MATH = YES;
				SDKROOT = iphoneos;
				SWIFT_COMPILATION_MODE = wholemodule;
				SWIFT_OPTIMIZATION_LEVEL = "-O";
				VALIDATE_PRODUCT = YES;
			};
			name = Release;
		};
		43C9535D29BBC2BE00F0EEEB /* Debug */ = {
			isa = XCBuildConfiguration;
			buildSettings = {
				ASSETCATALOG_COMPILER_APPICON_NAME = AppIcon;
				ASSETCATALOG_COMPILER_GLOBAL_ACCENT_COLOR_NAME = AccentColor;
				CODE_SIGN_STYLE = Automatic;
				CURRENT_PROJECT_VERSION = 1;
				DEVELOPMENT_TEAM = D22T8YR3ZW;
				GENERATE_INFOPLIST_FILE = YES;
				INFOPLIST_FILE = Pokemon/App/Info.plist;
				INFOPLIST_KEY_UIApplicationSupportsIndirectInputEvents = YES;
				INFOPLIST_KEY_UILaunchStoryboardName = LaunchScreen;
				INFOPLIST_KEY_UISupportedInterfaceOrientations = UIInterfaceOrientationPortrait;
				INFOPLIST_KEY_UISupportedInterfaceOrientations_iPad = "UIInterfaceOrientationPortrait UIInterfaceOrientationPortraitUpsideDown UIInterfaceOrientationLandscapeLeft UIInterfaceOrientationLandscapeRight";
				INFOPLIST_KEY_UISupportedInterfaceOrientations_iPhone = "UIInterfaceOrientationPortrait UIInterfaceOrientationLandscapeLeft UIInterfaceOrientationLandscapeRight";
				LD_RUNPATH_SEARCH_PATHS = (
					"$(inherited)",
					"@executable_path/Frameworks",
				);
				MARKETING_VERSION = 1.0;
				PRODUCT_BUNDLE_IDENTIFIER = maximlaskin.Pokemon;
				PRODUCT_NAME = "$(TARGET_NAME)";
				SWIFT_EMIT_LOC_STRINGS = YES;
				SWIFT_VERSION = 5.0;
				TARGETED_DEVICE_FAMILY = 1;
			};
			name = Debug;
		};
		43C9535E29BBC2BE00F0EEEB /* Release */ = {
			isa = XCBuildConfiguration;
			buildSettings = {
				ASSETCATALOG_COMPILER_APPICON_NAME = AppIcon;
				ASSETCATALOG_COMPILER_GLOBAL_ACCENT_COLOR_NAME = AccentColor;
				CODE_SIGN_STYLE = Automatic;
				CURRENT_PROJECT_VERSION = 1;
				DEVELOPMENT_TEAM = D22T8YR3ZW;
				GENERATE_INFOPLIST_FILE = YES;
				INFOPLIST_FILE = Pokemon/App/Info.plist;
				INFOPLIST_KEY_UIApplicationSupportsIndirectInputEvents = YES;
				INFOPLIST_KEY_UILaunchStoryboardName = LaunchScreen;
				INFOPLIST_KEY_UISupportedInterfaceOrientations = UIInterfaceOrientationPortrait;
				INFOPLIST_KEY_UISupportedInterfaceOrientations_iPad = "UIInterfaceOrientationPortrait UIInterfaceOrientationPortraitUpsideDown UIInterfaceOrientationLandscapeLeft UIInterfaceOrientationLandscapeRight";
				INFOPLIST_KEY_UISupportedInterfaceOrientations_iPhone = "UIInterfaceOrientationPortrait UIInterfaceOrientationLandscapeLeft UIInterfaceOrientationLandscapeRight";
				LD_RUNPATH_SEARCH_PATHS = (
					"$(inherited)",
					"@executable_path/Frameworks",
				);
				MARKETING_VERSION = 1.0;
				PRODUCT_BUNDLE_IDENTIFIER = maximlaskin.Pokemon;
				PRODUCT_NAME = "$(TARGET_NAME)";
				SWIFT_EMIT_LOC_STRINGS = YES;
				SWIFT_VERSION = 5.0;
				TARGETED_DEVICE_FAMILY = 1;
			};
			name = Release;
		};
/* End XCBuildConfiguration section */

/* Begin XCConfigurationList section */
		43C9534329BBC2BC00F0EEEB /* Build configuration list for PBXProject "Pokemon" */ = {
			isa = XCConfigurationList;
			buildConfigurations = (
				43C9535A29BBC2BE00F0EEEB /* Debug */,
				43C9535B29BBC2BE00F0EEEB /* Release */,
			);
			defaultConfigurationIsVisible = 0;
			defaultConfigurationName = Release;
		};
		43C9535C29BBC2BE00F0EEEB /* Build configuration list for PBXNativeTarget "Pokemon" */ = {
			isa = XCConfigurationList;
			buildConfigurations = (
				43C9535D29BBC2BE00F0EEEB /* Debug */,
				43C9535E29BBC2BE00F0EEEB /* Release */,
			);
			defaultConfigurationIsVisible = 0;
			defaultConfigurationName = Release;
		};
/* End XCConfigurationList section */

/* Begin XCRemoteSwiftPackageReference section */
		43C712BE29BDD4DE0052083F /* XCRemoteSwiftPackageReference "Alamofire" */ = {
			isa = XCRemoteSwiftPackageReference;
			repositoryURL = "https://github.com/Alamofire/Alamofire.git";
			requirement = {
				kind = upToNextMajorVersion;
				minimumVersion = 5.0.0;
			};
		};
/* End XCRemoteSwiftPackageReference section */

/* Begin XCSwiftPackageProductDependency section */
		43C712BF29BDD4DE0052083F /* Alamofire */ = {
			isa = XCSwiftPackageProductDependency;
			package = 43C712BE29BDD4DE0052083F /* XCRemoteSwiftPackageReference "Alamofire" */;
			productName = Alamofire;
		};
/* End XCSwiftPackageProductDependency section */
	};
	rootObject = 43C9534029BBC2BC00F0EEEB /* Project object */;
}
